
Microsoft Visual Studio Solution File, Format Version 12.00
# Visual Studio Version 17
VisualStudioVersion = 17.9.34723.18
MinimumVisualStudioVersion = 10.0.40219.1
Project("{9A19103F-16F7-4668-BE54-9A1E7A4F7556}") = "N4Core", "N4Core\N4Core.csproj", "{802B1F4B-31E7-4A3E-AF05-02D21B629583}"
EndProject
Project("{2150E333-8FDC-42A3-9474-1A3956D46DE8}") = "Solution Items", "Solution Items", "{D98B236B-4F78-47D2-811F-DB6CC602E462}"
	ProjectSection(SolutionItems) = preProject
		README.md = README.md
	EndProjectSection
EndProject
Global
	GlobalSection(SolutionConfigurationPlatforms) = preSolution
		Debug|Any CPU = Debug|Any CPU
		Release|Any CPU = Release|Any CPU
	EndGlobalSection
	GlobalSection(ProjectConfigurationPlatforms) = postSolution
		{802B1F4B-31E7-4A3E-AF05-02D21B629583}.Debug|Any CPU.ActiveCfg = Debug|Any CPU
		{802B1F4B-31E7-4A3E-AF05-02D21B629583}.Debug|Any CPU.Build.0 = Debug|Any CPU
		{802B1F4B-31E7-4A3E-AF05-02D21B629583}.Release|Any CPU.ActiveCfg = Release|Any CPU
		{802B1F4B-31E7-4A3E-AF05-02D21B629583}.Release|Any CPU.Build.0 = Release|Any CPU
	EndGlobalSection
	GlobalSection(SolutionProperties) = preSolution
		HideSolutionNode = FALSE
	EndGlobalSection
	GlobalSection(ExtensibilityGlobals) = postSolution
		SolutionGuid = {D3E2B515-01EE-4801-AB11-9E117E3E3F4A}
	EndGlobalSection
EndGlobal
